PODS:
  - DKNightVersion (2.3.1):
    - DKNightVersion/Core (= 2.3.1)
    - DKNightVersion/CoreAnimation (= 2.3.1)
    - DKNightVersion/UIKit (= 2.3.1)
  - DKNightVersion/Core (2.3.1):
    - DKNightVersion/Core/DeallocBlockExecutor (= 2.3.1)
    - DKNightVersion/Core/extobjc (= 2.3.1)
  - DKNightVersion/Core/DeallocBlockExecutor (2.3.1)
  - DKNightVersion/Core/extobjc (2.3.1)
  - DKNightVersion/CoreAnimation (2.3.1):
    - DKNightVersion/Core
  - DKNightVersion/UIKit (2.3.1):
    - DKNightVersion/Core

DEPENDENCIES:
  - DKNightVersion

SPEC CHECKSUMS:
  DKNightVersion: a777bb22a9a68837d89ddd724e1fcaf65581dde4

PODFILE CHECKSUM: 5fd965994087e8b71fbbc26816534dbe85c8daf7

COCOAPODS: 1.0.1
