// !$*UTF8*$!
{
	archiveVersion = 1;
	classes = {
	};
	objectVersion = 46;
	objects = {

/* Begin PBXBuildFile section */
		5A0F5A1A1D4CAABB00FD0145 /* dark.jpeg in Resources */ = {isa = PBXBuildFile; fileRef = 5A0F5A181D4CAABB00FD0145 /* dark.jpeg */; };
		5A0F5A1B1D4CAABB00FD0145 /* light.jpeg in Resources */ = {isa = PBXBuildFile; fileRef = 5A0F5A191D4CAABB00FD0145 /* light.jpeg */; };
		5A0F5A1E1D4CBD0A00FD0145 /* SecondViewController.m in Sources */ = {isa = PBXBuildFile; fileRef = 5A0F5A1D1D4CBD0A00FD0145 /* SecondViewController.m */; };
		5A0F5A231D4CC5BD00FD0145 /* maps_icon.png in Resources */ = {isa = PBXBuildFile; fileRef = 5A0F5A221D4CC5BD00FD0145 /* maps_icon.png */; };
		5AC92BE81D4D039200949121 /* FTIndicator.m in Sources */ = {isa = PBXBuildFile; fileRef = 5AC92BDD1D4D039200949121 /* FTIndicator.m */; };
		5AC92BE91D4D039200949121 /* FTNotificationIndicator.m in Sources */ = {isa = PBXBuildFile; fileRef = 5AC92BE01D4D039200949121 /* FTNotificationIndicator.m */; };
		5AC92BEA1D4D039200949121 /* FTProgressIndicator.m in Sources */ = {isa = PBXBuildFile; fileRef = 5AC92BE31D4D039200949121 /* FTProgressIndicator.m */; };
		5AC92BEB1D4D039200949121 /* FTProgressIndicator.bundle in Resources */ = {isa = PBXBuildFile; fileRef = 5AC92BE41D4D039200949121 /* FTProgressIndicator.bundle */; };
		5AC92BEC1D4D039200949121 /* FTToastIndicator.m in Sources */ = {isa = PBXBuildFile; fileRef = 5AC92BE71D4D039200949121 /* FTToastIndicator.m */; };
		5AF3E7B41D4C733B00AD5EC8 /* main.m in Sources */ = {isa = PBXBuildFile; fileRef = 5AF3E7B31D4C733B00AD5EC8 /* main.m */; };
		5AF3E7B71D4C733B00AD5EC8 /* AppDelegate.m in Sources */ = {isa = PBXBuildFile; fileRef = 5AF3E7B61D4C733B00AD5EC8 /* AppDelegate.m */; };
		5AF3E7BA1D4C733B00AD5EC8 /* ViewController.m in Sources */ = {isa = PBXBuildFile; fileRef = 5AF3E7B91D4C733B00AD5EC8 /* ViewController.m */; };
		5AF3E7BD1D4C733B00AD5EC8 /* Main.storyboard in Resources */ = {isa = PBXBuildFile; fileRef = 5AF3E7BB1D4C733B00AD5EC8 /* Main.storyboard */; };
		5AF3E7BF1D4C733B00AD5EC8 /* Assets.xcassets in Resources */ = {isa = PBXBuildFile; fileRef = 5AF3E7BE1D4C733B00AD5EC8 /* Assets.xcassets */; };
		5AF3E7C21D4C733B00AD5EC8 /* LaunchScreen.storyboard in Resources */ = {isa = PBXBuildFile; fileRef = 5AF3E7C01D4C733B00AD5EC8 /* LaunchScreen.storyboard */; };
		5AF3E7CD1D4C733B00AD5EC8 /* DemoUITests.m in Sources */ = {isa = PBXBuildFile; fileRef = 5AF3E7CC1D4C733B00AD5EC8 /* DemoUITests.m */; };
/* End PBXBuildFile section */

/* Begin PBXContainerItemProxy section */
		5AF3E7C91D4C733B00AD5EC8 /* PBXContainerItemProxy */ = {
			isa = PBXContainerItemProxy;
			containerPortal = 5AF3E7A71D4C733A00AD5EC8 /* Project object */;
			proxyType = 1;
			remoteGlobalIDString = 5AF3E7AE1D4C733B00AD5EC8;
			remoteInfo = Demo;
		};
/* End PBXContainerItemProxy section */

/* Begin PBXFileReference section */
		5A0F5A181D4CAABB00FD0145 /* dark.jpeg */ = {isa = PBXFileReference; lastKnownFileType = image.jpeg; path = dark.jpeg; sourceTree = "<group>"; };
		5A0F5A191D4CAABB00FD0145 /* light.jpeg */ = {isa = PBXFileReference; lastKnownFileType = image.jpeg; path = light.jpeg; sourceTree = "<group>"; };
		5A0F5A1C1D4CBD0A00FD0145 /* SecondViewController.h */ = {isa = PBXFileReference; fileEncoding = 4; lastKnownFileType = sourcecode.c.h; path = SecondViewController.h; sourceTree = "<group>"; };
		5A0F5A1D1D4CBD0A00FD0145 /* SecondViewController.m */ = {isa = PBXFileReference; fileEncoding = 4; lastKnownFileType = sourcecode.c.objc; path = SecondViewController.m; sourceTree = "<group>"; };
		5A0F5A221D4CC5BD00FD0145 /* maps_icon.png */ = {isa = PBXFileReference; lastKnownFileType = image.png; path = maps_icon.png; sourceTree = "<group>"; };
		5AC92BDC1D4D039200949121 /* FTIndicator.h */ = {isa = PBXFileReference; fileEncoding = 4; lastKnownFileType = sourcecode.c.h; path = FTIndicator.h; sourceTree = "<group>"; };
		5AC92BDD1D4D039200949121 /* FTIndicator.m */ = {isa = PBXFileReference; fileEncoding = 4; lastKnownFileType = sourcecode.c.objc; path = FTIndicator.m; sourceTree = "<group>"; };
		5AC92BDF1D4D039200949121 /* FTNotificationIndicator.h */ = {isa = PBXFileReference; fileEncoding = 4; lastKnownFileType = sourcecode.c.h; path = FTNotificationIndicator.h; sourceTree = "<group>"; };
		5AC92BE01D4D039200949121 /* FTNotificationIndicator.m */ = {isa = PBXFileReference; fileEncoding = 4; lastKnownFileType = sourcecode.c.objc; path = FTNotificationIndicator.m; sourceTree = "<group>"; };
		5AC92BE21D4D039200949121 /* FTProgressIndicator.h */ = {isa = PBXFileReference; fileEncoding = 4; lastKnownFileType = sourcecode.c.h; path = FTProgressIndicator.h; sourceTree = "<group>"; };
		5AC92BE31D4D039200949121 /* FTProgressIndicator.m */ = {isa = PBXFileReference; fileEncoding = 4; lastKnownFileType = sourcecode.c.objc; path = FTProgressIndicator.m; sourceTree = "<group>"; };
		5AC92BE41D4D039200949121 /* FTProgressIndicator.bundle */ = {isa = PBXFileReference; lastKnownFileType = "wrapper.plug-in"; path = FTProgressIndicator.bundle; sourceTree = "<group>"; };
		5AC92BE61D4D039200949121 /* FTToastIndicator.h */ = {isa = PBXFileReference; fileEncoding = 4; lastKnownFileType = sourcecode.c.h; path = FTToastIndicator.h; sourceTree = "<group>"; };
		5AC92BE71D4D039200949121 /* FTToastIndicator.m */ = {isa = PBXFileReference; fileEncoding = 4; lastKnownFileType = sourcecode.c.objc; path = FTToastIndicator.m; sourceTree = "<group>"; };
		5AF3E7AF1D4C733B00AD5EC8 /* Demo.app */ = {isa = PBXFileReference; explicitFileType = wrapper.application; includeInIndex = 0; path = Demo.app; sourceTree = BUILT_PRODUCTS_DIR; };
		5AF3E7B31D4C733B00AD5EC8 /* main.m */ = {isa = PBXFileReference; lastKnownFileType = sourcecode.c.objc; path = main.m; sourceTree = "<group>"; };
		5AF3E7B51D4C733B00AD5EC8 /* AppDelegate.h */ = {isa = PBXFileReference; lastKnownFileType = sourcecode.c.h; path = AppDelegate.h; sourceTree = "<group>"; };
		5AF3E7B61D4C733B00AD5EC8 /* AppDelegate.m */ = {isa = PBXFileReference; lastKnownFileType = sourcecode.c.objc; path = AppDelegate.m; sourceTree = "<group>"; };
		5AF3E7B81D4C733B00AD5EC8 /* ViewController.h */ = {isa = PBXFileReference; lastKnownFileType = sourcecode.c.h; path = ViewController.h; sourceTree = "<group>"; };
		5AF3E7B91D4C733B00AD5EC8 /* ViewController.m */ = {isa = PBXFileReference; lastKnownFileType = sourcecode.c.objc; path = ViewController.m; sourceTree = "<group>"; };
		5AF3E7BC1D4C733B00AD5EC8 /* Base */ = {isa = PBXFileReference; lastKnownFileType = file.storyboard; name = Base; path = Base.lproj/Main.storyboard; sourceTree = "<group>"; };
		5AF3E7BE1D4C733B00AD5EC8 /* Assets.xcassets */ = {isa = PBXFileReference; lastKnownFileType = folder.assetcatalog; path = Assets.xcassets; sourceTree = "<group>"; };
		5AF3E7C11D4C733B00AD5EC8 /* Base */ = {isa = PBXFileReference; lastKnownFileType = file.storyboard; name = Base; path = Base.lproj/LaunchScreen.storyboard; sourceTree = "<group>"; };
		5AF3E7C31D4C733B00AD5EC8 /* Info.plist */ = {isa = PBXFileReference; lastKnownFileType = text.plist.xml; path = Info.plist; sourceTree = "<group>"; };
		5AF3E7C81D4C733B00AD5EC8 /* DemoUITests.xctest */ = {isa = PBXFileReference; explicitFileType = wrapper.cfbundle; includeInIndex = 0; path = DemoUITests.xctest; sourceTree = BUILT_PRODUCTS_DIR; };
		5AF3E7CC1D4C733B00AD5EC8 /* DemoUITests.m */ = {isa = PBXFileReference; lastKnownFileType = sourcecode.c.objc; path = DemoUITests.m; sourceTree = "<group>"; };
		5AF3E7CE1D4C733B00AD5EC8 /* Info.plist */ = {isa = PBXFileReference; lastKnownFileType = text.plist.xml; path = Info.plist; sourceTree = "<group>"; };
/* End PBXFileReference section */

/* Begin PBXFrameworksBuildPhase section */
		5AF3E7AC1D4C733B00AD5EC8 /* Frameworks */ = {
			isa = PBXFrameworksBuildPhase;
			buildActionMask = 2147483647;
			files = (
			);
			runOnlyForDeploymentPostprocessing = 0;
		};
		5AF3E7C51D4C733B00AD5EC8 /* Frameworks */ = {
			isa = PBXFrameworksBuildPhase;
			buildActionMask = 2147483647;
			files = (
			);
			runOnlyForDeploymentPostprocessing = 0;
		};
/* End PBXFrameworksBuildPhase section */

/* Begin PBXGroup section */
		5A0F5A211D4CC5AC00FD0145 /* DemoImages */ = {
			isa = PBXGroup;
			children = (
				5A0F5A221D4CC5BD00FD0145 /* maps_icon.png */,
				5A0F5A181D4CAABB00FD0145 /* dark.jpeg */,
				5A0F5A191D4CAABB00FD0145 /* light.jpeg */,
			);
			name = DemoImages;
			sourceTree = "<group>";
		};
		5AC92BDB1D4D039200949121 /* FTIndicator */ = {
			isa = PBXGroup;
			children = (
				5AC92BDC1D4D039200949121 /* FTIndicator.h */,
				5AC92BDD1D4D039200949121 /* FTIndicator.m */,
				5AC92BDE1D4D039200949121 /* FTNotificationIndicator */,
				5AC92BE11D4D039200949121 /* FTProgressIndicator */,
				5AC92BE51D4D039200949121 /* FTToastIndicator */,
			);
			name = FTIndicator;
			path = ../../FTIndicator;
			sourceTree = "<group>";
		};
		5AC92BDE1D4D039200949121 /* FTNotificationIndicator */ = {
			isa = PBXGroup;
			children = (
				5AC92BDF1D4D039200949121 /* FTNotificationIndicator.h */,
				5AC92BE01D4D039200949121 /* FTNotificationIndicator.m */,
			);
			path = FTNotificationIndicator;
			sourceTree = "<group>";
		};
		5AC92BE11D4D039200949121 /* FTProgressIndicator */ = {
			isa = PBXGroup;
			children = (
				5AC92BE21D4D039200949121 /* FTProgressIndicator.h */,
				5AC92BE31D4D039200949121 /* FTProgressIndicator.m */,
				5AC92BE41D4D039200949121 /* FTProgressIndicator.bundle */,
			);
			path = FTProgressIndicator;
			sourceTree = "<group>";
		};
		5AC92BE51D4D039200949121 /* FTToastIndicator */ = {
			isa = PBXGroup;
			children = (
				5AC92BE61D4D039200949121 /* FTToastIndicator.h */,
				5AC92BE71D4D039200949121 /* FTToastIndicator.m */,
			);
			path = FTToastIndicator;
			sourceTree = "<group>";
		};
		5AF3E7A61D4C733A00AD5EC8 = {
			isa = PBXGroup;
			children = (
				5AF3E7B11D4C733B00AD5EC8 /* Demo */,
				5AF3E7CB1D4C733B00AD5EC8 /* DemoUITests */,
				5AF3E7B01D4C733B00AD5EC8 /* Products */,
			);
			sourceTree = "<group>";
		};
		5AF3E7B01D4C733B00AD5EC8 /* Products */ = {
			isa = PBXGroup;
			children = (
				5AF3E7AF1D4C733B00AD5EC8 /* Demo.app */,
				5AF3E7C81D4C733B00AD5EC8 /* DemoUITests.xctest */,
			);
			name = Products;
			sourceTree = "<group>";
		};
		5AF3E7B11D4C733B00AD5EC8 /* Demo */ = {
			isa = PBXGroup;
			children = (
				5AF3E7B51D4C733B00AD5EC8 /* AppDelegate.h */,
				5AF3E7B61D4C733B00AD5EC8 /* AppDelegate.m */,
				5AF3E7B81D4C733B00AD5EC8 /* ViewController.h */,
				5AF3E7B91D4C733B00AD5EC8 /* ViewController.m */,
				5A0F5A1C1D4CBD0A00FD0145 /* SecondViewController.h */,
				5A0F5A1D1D4CBD0A00FD0145 /* SecondViewController.m */,
				5AC92BDB1D4D039200949121 /* FTIndicator */,
				5A0F5A211D4CC5AC00FD0145 /* DemoImages */,
				5AF3E7BB1D4C733B00AD5EC8 /* Main.storyboard */,
				5AF3E7BE1D4C733B00AD5EC8 /* Assets.xcassets */,
				5AF3E7C01D4C733B00AD5EC8 /* LaunchScreen.storyboard */,
				5AF3E7C31D4C733B00AD5EC8 /* Info.plist */,
				5AF3E7B21D4C733B00AD5EC8 /* Supporting Files */,
			);
			path = Demo;
			sourceTree = "<group>";
		};
		5AF3E7B21D4C733B00AD5EC8 /* Supporting Files */ = {
			isa = PBXGroup;
			children = (
				5AF3E7B31D4C733B00AD5EC8 /* main.m */,
			);
			name = "Supporting Files";
			sourceTree = "<group>";
		};
		5AF3E7CB1D4C733B00AD5EC8 /* DemoUITests */ = {
			isa = PBXGroup;
			children = (
				5AF3E7CC1D4C733B00AD5EC8 /* DemoUITests.m */,
				5AF3E7CE1D4C733B00AD5EC8 /* Info.plist */,
			);
			path = DemoUITests;
			sourceTree = "<group>";
		};
/* End PBXGroup section */

/* Begin PBXNativeTarget section */
		5AF3E7AE1D4C733B00AD5EC8 /* Demo */ = {
			isa = PBXNativeTarget;
			buildConfigurationList = 5AF3E7D11D4C733B00AD5EC8 /* Build configuration list for PBXNativeTarget "Demo" */;
			buildPhases = (
				5AF3E7AB1D4C733B00AD5EC8 /* Sources */,
				5AF3E7AC1D4C733B00AD5EC8 /* Frameworks */,
				5AF3E7AD1D4C733B00AD5EC8 /* Resources */,
			);
			buildRules = (
			);
			dependencies = (
			);
			name = Demo;
			productName = Demo;
			productReference = 5AF3E7AF1D4C733B00AD5EC8 /* Demo.app */;
			productType = "com.apple.product-type.application";
		};
		5AF3E7C71D4C733B00AD5EC8 /* DemoUITests */ = {
			isa = PBXNativeTarget;
			buildConfigurationList = 5AF3E7D41D4C733B00AD5EC8 /* Build configuration list for PBXNativeTarget "DemoUITests" */;
			buildPhases = (
				5AF3E7C41D4C733B00AD5EC8 /* Sources */,
				5AF3E7C51D4C733B00AD5EC8 /* Frameworks */,
				5AF3E7C61D4C733B00AD5EC8 /* Resources */,
			);
			buildRules = (
			);
			dependencies = (
				5AF3E7CA1D4C733B00AD5EC8 /* PBXTargetDependency */,
			);
			name = DemoUITests;
			productName = DemoUITests;
			productReference = 5AF3E7C81D4C733B00AD5EC8 /* DemoUITests.xctest */;
			productType = "com.apple.product-type.bundle.ui-testing";
		};
/* End PBXNativeTarget section */

/* Begin PBXProject section */
		5AF3E7A71D4C733A00AD5EC8 /* Project object */ = {
			isa = PBXProject;
			attributes = {
				LastUpgradeCheck = 0730;
				ORGANIZATIONNAME = liufengting;
				TargetAttributes = {
					5AF3E7AE1D4C733B00AD5EC8 = {
						CreatedOnToolsVersion = 7.3.1;
						DevelopmentTeam = E83AC9WR2F;
					};
					5AF3E7C71D4C733B00AD5EC8 = {
						CreatedOnToolsVersion = 7.3.1;
						TestTargetID = 5AF3E7AE1D4C733B00AD5EC8;
					};
				};
			};
			buildConfigurationList = 5AF3E7AA1D4C733A00AD5EC8 /* Build configuration list for PBXProject "Demo" */;
			compatibilityVersion = "Xcode 3.2";
			developmentRegion = English;
			hasScannedForEncodings = 0;
			knownRegions = (
				en,
				Base,
			);
			mainGroup = 5AF3E7A61D4C733A00AD5EC8;
			productRefGroup = 5AF3E7B01D4C733B00AD5EC8 /* Products */;
			projectDirPath = "";
			projectRoot = "";
			targets = (
				5AF3E7AE1D4C733B00AD5EC8 /* Demo */,
				5AF3E7C71D4C733B00AD5EC8 /* DemoUITests */,
			);
		};
/* End PBXProject section */

/* Begin PBXResourcesBuildPhase section */
		5AF3E7AD1D4C733B00AD5EC8 /* Resources */ = {
			isa = PBXResourcesBuildPhase;
			buildActionMask = 2147483647;
			files = (
				5AF3E7C21D4C733B00AD5EC8 /* LaunchScreen.storyboard in Resources */,
				5AF3E7BF1D4C733B00AD5EC8 /* Assets.xcassets in Resources */,
				5A0F5A1B1D4CAABB00FD0145 /* light.jpeg in Resources */,
				5AC92BEB1D4D039200949121 /* FTProgressIndicator.bundle in Resources */,
				5A0F5A1A1D4CAABB00FD0145 /* dark.jpeg in Resources */,
				5A0F5A231D4CC5BD00FD0145 /* maps_icon.png in Resources */,
				5AF3E7BD1D4C733B00AD5EC8 /* Main.storyboard in Resources */,
			);
			runOnlyForDeploymentPostprocessing = 0;
		};
		5AF3E7C61D4C733B00AD5EC8 /* Resources */ = {
			isa = PBXResourcesBuildPhase;
			buildActionMask = 2147483647;
			files = (
			);
			runOnlyForDeploymentPostprocessing = 0;
		};
/* End PBXResourcesBuildPhase section */

/* Begin PBXSourcesBuildPhase section */
		5AF3E7AB1D4C733B00AD5EC8 /* Sources */ = {
			isa = PBXSourcesBuildPhase;
			buildActionMask = 2147483647;
			files = (
				5AC92BE91D4D039200949121 /* FTNotificationIndicator.m in Sources */,
				5AF3E7BA1D4C733B00AD5EC8 /* ViewController.m in Sources */,
				5AC92BE81D4D039200949121 /* FTIndicator.m in Sources */,
				5AF3E7B71D4C733B00AD5EC8 /* AppDelegate.m in Sources */,
				5A0F5A1E1D4CBD0A00FD0145 /* SecondViewController.m in Sources */,
				5AF3E7B41D4C733B00AD5EC8 /* main.m in Sources */,
				5AC92BEA1D4D039200949121 /* FTProgressIndicator.m in Sources */,
				5AC92BEC1D4D039200949121 /* FTToastIndicator.m in Sources */,
			);
			runOnlyForDeploymentPostprocessing = 0;
		};
		5AF3E7C41D4C733B00AD5EC8 /* Sources */ = {
			isa = PBXSourcesBuildPhase;
			buildActionMask = 2147483647;
			files = (
				5AF3E7CD1D4C733B00AD5EC8 /* DemoUITests.m in Sources */,
			);
			runOnlyForDeploymentPostprocessing = 0;
		};
/* End PBXSourcesBuildPhase section */

/* Begin PBXTargetDependency section */
		5AF3E7CA1D4C733B00AD5EC8 /* PBXTargetDependency */ = {
			isa = PBXTargetDependency;
			target = 5AF3E7AE1D4C733B00AD5EC8 /* Demo */;
			targetProxy = 5AF3E7C91D4C733B00AD5EC8 /* PBXContainerItemProxy */;
		};
/* End PBXTargetDependency section */

/* Begin PBXVariantGroup section */
		5AF3E7BB1D4C733B00AD5EC8 /* Main.storyboard */ = {
			isa = PBXVariantGroup;
			children = (
				5AF3E7BC1D4C733B00AD5EC8 /* Base */,
			);
			name = Main.storyboard;
			sourceTree = "<group>";
		};
		5AF3E7C01D4C733B00AD5EC8 /* LaunchScreen.storyboard */ = {
			isa = PBXVariantGroup;
			children = (
				5AF3E7C11D4C733B00AD5EC8 /* Base */,
			);
			name = LaunchScreen.storyboard;
			sourceTree = "<group>";
		};
/* End PBXVariantGroup section */

/* Begin XCBuildConfiguration section */
		5AF3E7CF1D4C733B00AD5EC8 /* Debug */ = {
			isa = XCBuildConfiguration;
			buildSettings = {
				ALWAYS_SEARCH_USER_PATHS = NO;
				CLANG_ANALYZER_NONNULL = YES;
				CLANG_CXX_LANGUAGE_STANDARD = "gnu++0x";
				CLANG_CXX_LIBRARY = "libc++";
				CLANG_ENABLE_MODULES = YES;
				CLANG_ENABLE_OBJC_ARC = YES;
				CLANG_WARN_BOOL_CONVERSION = YES;
				CLANG_WARN_CONSTANT_CONVERSION = YES;
				CLANG_WARN_DIRECT_OBJC_ISA_USAGE = YES_ERROR;
				CLANG_WARN_EMPTY_BODY = YES;
				CLANG_WARN_ENUM_CONVERSION = YES;
				CLANG_WARN_INT_CONVERSION = YES;
				CLANG_WARN_OBJC_ROOT_CLASS = YES_ERROR;
				CLANG_WARN_UNREACHABLE_CODE = YES;
				CLANG_WARN__DUPLICATE_METHOD_MATCH = YES;
				"CODE_SIGN_IDENTITY[sdk=iphoneos*]" = "iPhone Developer";
				COPY_PHASE_STRIP = NO;
				DEBUG_INFORMATION_FORMAT = dwarf;
				ENABLE_STRICT_OBJC_MSGSEND = YES;
				ENABLE_TESTABILITY = YES;
				GCC_C_LANGUAGE_STANDARD = gnu99;
				GCC_DYNAMIC_NO_PIC = NO;
				GCC_NO_COMMON_BLOCKS = YES;
				GCC_OPTIMIZATION_LEVEL = 0;
				GCC_PREPROCESSOR_DEFINITIONS = (
					"DEBUG=1",
					"$(inherited)",
				);
				GCC_WARN_64_TO_32_BIT_CONVERSION = YES;
				GCC_WARN_ABOUT_RETURN_TYPE = YES_ERROR;
				GCC_WARN_UNDECLARED_SELECTOR = YES;
				GCC_WARN_UNINITIALIZED_AUTOS = YES_AGGRESSIVE;
				GCC_WARN_UNUSED_FUNCTION = YES;
				GCC_WARN_UNUSED_VARIABLE = YES;
				IPHONEOS_DEPLOYMENT_TARGET = 9.3;
				MTL_ENABLE_DEBUG_INFO = YES;
				ONLY_ACTIVE_ARCH = YES;
				SDKROOT = iphoneos;
				TARGETED_DEVICE_FAMILY = "1,2";
			};
			name = Debug;
		};
		5AF3E7D01D4C733B00AD5EC8 /* Release */ = {
			isa = XCBuildConfiguration;
			buildSettings = {
				ALWAYS_SEARCH_USER_PATHS = NO;
				CLANG_ANALYZER_NONNULL = YES;
				CLANG_CXX_LANGUAGE_STANDARD = "gnu++0x";
				CLANG_CXX_LIBRARY = "libc++";
				CLANG_ENABLE_MODULES = YES;
				CLANG_ENABLE_OBJC_ARC = YES;
				CLANG_WARN_BOOL_CONVERSION = YES;
				CLANG_WARN_CONSTANT_CONVERSION = YES;
				CLANG_WARN_DIRECT_OBJC_ISA_USAGE = YES_ERROR;
				CLANG_WARN_EMPTY_BODY = YES;
				CLANG_WARN_ENUM_CONVERSION = YES;
				CLANG_WARN_INT_CONVERSION = YES;
				CLANG_WARN_OBJC_ROOT_CLASS = YES_ERROR;
				CLANG_WARN_UNREACHABLE_CODE = YES;
				CLANG_WARN__DUPLICATE_METHOD_MATCH = YES;
				"CODE_SIGN_IDENTITY[sdk=iphoneos*]" = "iPhone Developer";
				COPY_PHASE_STRIP = NO;
				DEBUG_INFORMATION_FORMAT = "dwarf-with-dsym";
				ENABLE_NS_ASSERTIONS = NO;
				ENABLE_STRICT_OBJC_MSGSEND = YES;
				GCC_C_LANGUAGE_STANDARD = gnu99;
				GCC_NO_COMMON_BLOCKS = YES;
				GCC_WARN_64_TO_32_BIT_CONVERSION = YES;
				GCC_WARN_ABOUT_RETURN_TYPE = YES_ERROR;
				GCC_WARN_UNDECLARED_SELECTOR = YES;
				GCC_WARN_UNINITIALIZED_AUTOS = YES_AGGRESSIVE;
				GCC_WARN_UNUSED_FUNCTION = YES;
				GCC_WARN_UNUSED_VARIABLE = YES;
				IPHONEOS_DEPLOYMENT_TARGET = 9.3;
				MTL_ENABLE_DEBUG_INFO = NO;
				SDKROOT = iphoneos;
				TARGETED_DEVICE_FAMILY = "1,2";
				VALIDATE_PRODUCT = YES;
			};
			name = Release;
		};
		5AF3E7D21D4C733B00AD5EC8 /* Debug */ = {
			isa = XCBuildConfiguration;
			buildSettings = {
				ASSETCATALOG_COMPILER_APPICON_NAME = AppIcon;
				DEVELOPMENT_TEAM = E83AC9WR2F;
				INFOPLIST_FILE = Demo/Info.plist;
				IPHONEOS_DEPLOYMENT_TARGET = 8.0;
				LD_RUNPATH_SEARCH_PATHS = "$(inherited) @executable_path/Frameworks";
				PRODUCT_BUNDLE_IDENTIFIER = com.liufengting.ChatMessageDemo;
				PRODUCT_NAME = "$(TARGET_NAME)";
			};
			name = Debug;
		};
		5AF3E7D31D4C733B00AD5EC8 /* Release */ = {
			isa = XCBuildConfiguration;
			buildSettings = {
				ASSETCATALOG_COMPILER_APPICON_NAME = AppIcon;
				DEVELOPMENT_TEAM = E83AC9WR2F;
				INFOPLIST_FILE = Demo/Info.plist;
				IPHONEOS_DEPLOYMENT_TARGET = 8.0;
				LD_RUNPATH_SEARCH_PATHS = "$(inherited) @executable_path/Frameworks";
				PRODUCT_BUNDLE_IDENTIFIER = com.liufengting.ChatMessageDemo;
				PRODUCT_NAME = "$(TARGET_NAME)";
			};
			name = Release;
		};
		5AF3E7D51D4C733B00AD5EC8 /* Debug */ = {
			isa = XCBuildConfiguration;
			buildSettings = {
				INFOPLIST_FILE = DemoUITests/Info.plist;
				LD_RUNPATH_SEARCH_PATHS = "$(inherited) @executable_path/Frameworks @loader_path/Frameworks";
				PRODUCT_BUNDLE_IDENTIFIER = com.liufengting.DemoUITests;
				PRODUCT_NAME = "$(TARGET_NAME)";
				TEST_TARGET_NAME = Demo;
			};
			name = Debug;
		};
		5AF3E7D61D4C733B00AD5EC8 /* Release */ = {
			isa = XCBuildConfiguration;
			buildSettings = {
				INFOPLIST_FILE = DemoUITests/Info.plist;
				LD_RUNPATH_SEARCH_PATHS = "$(inherited) @executable_path/Frameworks @loader_path/Frameworks";
				PRODUCT_BUNDLE_IDENTIFIER = com.liufengting.DemoUITests;
				PRODUCT_NAME = "$(TARGET_NAME)";
				TEST_TARGET_NAME = Demo;
			};
			name = Release;
		};
/* End XCBuildConfiguration section */

/* Begin XCConfigurationList section */
		5AF3E7AA1D4C733A00AD5EC8 /* Build configuration list for PBXProject "Demo" */ = {
			isa = XCConfigurationList;
			buildConfigurations = (
				5AF3E7CF1D4C733B00AD5EC8 /* Debug */,
				5AF3E7D01D4C733B00AD5EC8 /* Release */,
			);
			defaultConfigurationIsVisible = 0;
			defaultConfigurationName = Release;
		};
		5AF3E7D11D4C733B00AD5EC8 /* Build configuration list for PBXNativeTarget "Demo" */ = {
			isa = XCConfigurationList;
			buildConfigurations = (
				5AF3E7D21D4C733B00AD5EC8 /* Debug */,
				5AF3E7D31D4C733B00AD5EC8 /* Release */,
			);
			defaultConfigurationIsVisible = 0;
			defaultConfigurationName = Release;
		};
		5AF3E7D41D4C733B00AD5EC8 /* Build configuration list for PBXNativeTarget "DemoUITests" */ = {
			isa = XCConfigurationList;
			buildConfigurations = (
				5AF3E7D51D4C733B00AD5EC8 /* Debug */,
				5AF3E7D61D4C733B00AD5EC8 /* Release */,
			);
			defaultConfigurationIsVisible = 0;
			defaultConfigurationName = Release;
		};
/* End XCConfigurationList section */
	};
	rootObject = 5AF3E7A71D4C733A00AD5EC8 /* Project object */;
}
